{
  "version": 4,
  "terraform_version": "1.8.3",
  "serial": 3,
  "lineage": "8dc76bd2-bf93-ccfc-cb99-8bc4c9aef9d0",
  "outputs": {
    "instance_ip": {
      "value": "35.198.185.194",
      "type": "string"
    }
  },
  "resources": [
    {
      "mode": "managed",
      "type": "google_compute_instance",
      "name": "default",
      "provider": "provider[\"registry.terraform.io/hashicorp/google\"]",
      "instances": [
        {
          "schema_version": 6,
          "attributes": {
            "advanced_machine_features": [],
            "allow_stopping_for_update": null,
            "attached_disk": [],
            "boot_disk": [
              {
                "auto_delete": true,
                "device_name": "persistent-disk-0",
                "disk_encryption_key_raw": "",
                "disk_encryption_key_sha256": "",
                "initialize_params": [
                  {
                    "enable_confidential_compute": false,
                    "image": "https://www.googleapis.com/compute/v1/projects/debian-cloud/global/images/debian-10-buster-v20240515",
                    "labels": {},
                    "provisioned_iops": 0,
                    "provisioned_throughput": 0,
                    "resource_manager_tags": null,
                    "size": 10,
                    "type": "pd-standard"
                  }
                ],
                "kms_key_self_link": "",
                "mode": "READ_WRITE",
                "source": "https://www.googleapis.com/compute/v1/projects/primal-asset-418016/zones/europe-west3-a/disks/semaphore-vm"
              }
            ],
            "can_ip_forward": false,
            "confidential_instance_config": [],
            "cpu_platform": "Intel Broadwell",
            "current_status": "RUNNING",
            "deletion_protection": false,
            "description": "",
            "desired_status": null,
            "effective_labels": {},
            "enable_display": false,
            "guest_accelerator": [],
            "hostname": "",
            "id": "projects/primal-asset-418016/zones/europe-west3-a/instances/semaphore-vm",
            "instance_id": "3547345490098704202",
            "label_fingerprint": "42WmSpB8rSM=",
            "labels": null,
            "machine_type": "e2-small",
            "metadata": {
              "ssh-keys": "terraform:ssh-rsa AAAAB3NzaC1yc2EAAAADAQABAAACAQCEY40dpUNiPJc/yhF/JKTxgXiUTUsJCwYGV+JnrnOJbm3pXLje9rBXgW1Q4fvkQiqngsvw9qnC0yJPwU/r0lKw6L9xNzaW0avnnUYbGq1FDOXtYJy0x8blCnVE85xQfWCwDBl/RP466M3uiJHGQY7mVbvbJKDDM3HSIreHxzhp2YKqCjbNfXBV190fAUSOuKU8tTcc3h9fBRDM8Jtkiiq3fwM/gi8GuC//WmhuRf17LNg3AxIAYv0zEkQSdZBghANjafmP2iVY5wFEDBbhO29tXgvkVGu6dMOR2A5viGZziZ/8sTsBzaCHiodD/222CSZqy54lmR1KFwceyjWVvLdgtyVo7vmcegFUHjlzM4Yxf4WWj0ryEiLZk5SBVGa25KM+hrYIQfhaZS46XXBcfm0gxyldat9dsAbGuLwY+4CJiIAhCWH0nRpcSk6eOHbbnQuB+7Dei4NxOCqHIkSv2kefblFSFTiEBcVUFZ0aQQhc7U+mrQ06YixMLU9gd2+hZ7o49qqbAyGyerfbeHtBCBFeP6I48JIpZGRxhyyiOH70Qw1mi0MFJC8qCa6+zbDNwA4FD+VmsQZis0oYtJT8aB6y3yKMZ4a35pqxHRAYLMYnU+OyOZSCmeii/KPZK7RZ6JFzAoSGZDl5tjLsvYcfNJHxewvVofUYHFEIA8H+pVVFaQ== fdurot1@myges.fr\n"
            },
            "metadata_fingerprint": "YHhuqAn1_oA=",
            "metadata_startup_script": "#!/bin/bash\nsudo apt-get update\nsudo apt-get install -y python3 python3-pip\nsudo pip3 install ansible\n",
            "min_cpu_platform": "",
            "name": "semaphore-vm",
            "network_interface": [
              {
                "access_config": [
                  {
                    "nat_ip": "35.198.185.194",
                    "network_tier": "PREMIUM",
                    "public_ptr_domain_name": ""
                  }
                ],
                "alias_ip_range": [],
                "internal_ipv6_prefix_length": 0,
                "ipv6_access_config": [],
                "ipv6_access_type": "",
                "ipv6_address": "",
                "name": "nic0",
                "network": "https://www.googleapis.com/compute/v1/projects/primal-asset-418016/global/networks/default",
                "network_ip": "10.156.0.2",
                "nic_type": "",
                "queue_count": 0,
                "stack_type": "IPV4_ONLY",
                "subnetwork": "https://www.googleapis.com/compute/v1/projects/primal-asset-418016/regions/europe-west3/subnetworks/default",
                "subnetwork_project": "primal-asset-418016"
              }
            ],
            "network_performance_config": [],
            "params": [],
            "project": "primal-asset-418016",
            "reservation_affinity": [],
            "resource_policies": null,
            "scheduling": [
              {
                "automatic_restart": true,
                "instance_termination_action": "",
                "local_ssd_recovery_timeout": [],
                "min_node_cpus": 0,
                "node_affinities": [],
                "on_host_maintenance": "MIGRATE",
                "preemptible": false,
                "provisioning_model": "STANDARD"
              }
            ],
            "scratch_disk": [],
            "self_link": "https://www.googleapis.com/compute/v1/projects/primal-asset-418016/zones/europe-west3-a/instances/semaphore-vm",
            "service_account": [],
            "shielded_instance_config": [
              {
                "enable_integrity_monitoring": true,
                "enable_secure_boot": false,
                "enable_vtpm": true
              }
            ],
            "tags": [
              "http-server",
              "https-server"
            ],
            "tags_fingerprint": "6smc4R4d39I=",
            "terraform_labels": {},
            "timeouts": null,
            "zone": "europe-west3-a"
          },
          "sensitive_attributes": [
            [
              {
                "type": "get_attr",
                "value": "boot_disk"
              },
              {
                "type": "index",
                "value": {
                  "value": 0,
                  "type": "number"
                }
              },
              {
                "type": "get_attr",
                "value": "disk_encryption_key_raw"
              }
            ]
          ],
          "private": "eyJlMmJmYjczMC1lY2FhLTExZTYtOGY4OC0zNDM2M2JjN2M0YzAiOnsiY3JlYXRlIjoxMjAwMDAwMDAwMDAwLCJkZWxldGUiOjEyMDAwMDAwMDAwMDAsInVwZGF0ZSI6MTIwMDAwMDAwMDAwMH0sInNjaGVtYV92ZXJzaW9uIjoiNiJ9"
        }
      ]
    }
  ],
  "check_results": null
}
